github.com/Masterminds/semver v1.2.2 h1:ptelpryog9A0pR4TGFvIAvw2c8SaNrYkFtfrxhSviss=
github.com/Masterminds/semver v1.2.2/go.mod h1:MB6lktGJrhw8PrUyiEoblNEGEQ+RzHPF078ddwwvV3Y=
github.com/Masterminds/sprig v2.14.0+incompatible h1:nC0fgY6y1UohQeh3PIaXh2IY54dS8JaW2JZwvJM+3ts=
github.com/Masterminds/sprig v2.14.0+incompatible/go.mod h1:y6hNFY5UBTIWBxnzTeuNhlNS5hqE0NB0E6fgfo2Br3o=
github.com/aokoli/goutils v1.0.1 h1:7fpzNGoJ3VA8qcrm++XEE1QUe0mIwNeLa02Nwq7RDkg=
github.com/aokoli/goutils v1.0.1/go.mod h1:SijmP0QR8LtwsmDs8Yii5Z/S4trXFGFC2oO5g9DP+DQ=
github.com/apex/httplog v0.0.0-20170124183939-d677fdf2ae1f h1:FmzTEg6R4xZlBPy+ZpXOf302NkstVo01qFtPX3tjXG0=
github.com/apex/httplog v0.0.0-20170124183939-d677fdf2ae1f/go.mod h1:6XwPOAECoJrkW1w7n3CkBZQdH2nVZ3zSusB37O8PZlE=
github.com/apex/log v0.0.0-20170222070341-a97903d84569 h1:HLs6lCSQBLrCHKdPMsHJeQ/c9HZz3PXSZfQFj32dtJE=
github.com/apex/log v0.0.0-20170222070341-a97903d84569/go.mod h1:yA770aXIDQrhVOIGurT/pVdfCpSq1GQV/auzMN5fzvY=
github.com/beorn7/perks v0.0.0-20160804104726-4c0e84591b9a h1:BtpsbiV638WQZwhA98cEZw2BsbnQJrbd0BI7tsy0W1c=
github.com/beorn7/perks v0.0.0-20160804104726-4c0e84591b9a/go.mod h1:Dwedo/Wpr24TaqPxmxbtue+5NUziq4I4S80YR8gNf3Q=
github.com/caarlos0/env v0.0.0-20161013201842-d0de832ed2fb h1:ni/b7kgTXx5DzmC8TDDuwFuQtRy0xmHgcBBuEtWYOOU=
github.com/caarlos0/env v0.0.0-20161013201842-d0de832ed2fb/go.mod h1:tdCsowwCzMLdkqRYDlHpZCp2UooDD3MspDBjZ2AD02Y=
github.com/davecgh/go-spew v0.0.0-20160907170601-6d212800a42e h1:PuhFC+IBoXcNHhkaUTRc+kNN0MtTMPFoWWBXyNMw7ww=
github.com/davecgh/go-spew v0.0.0-20160907170601-6d212800a42e/go.mod h1:J7Y8YcW2NihsgmVo/mv3lAwl/skON4iLHjSsI+c5H38=
github.com/go-logfmt/logfmt v0.3.0/go.mod h1:Qt1PoO58o5twSAckw1HlFXLmHsOX5/0LbT9GBnD5lWE=
github.com/go-sql-driver/mysql v1.4.1 h1:g24URVg0OFbNUTx9qqY1IRZ9D9z3iPyi5zKhQZpNwpA=
github.com/go-sql-driver/mysql v1.4.1/go.mod h1:zAC/RDZ24gD3HViQzih4MyKcchzm+sOG5ZlKdlhCg5w=
github.com/golang/protobuf v0.0.0-20170331031902-2bba0603135d h1:KmiEmEGA5sqizMpKnexwioxj8zEUSBc7p9UTQu36lpQ=
github.com/golang/protobuf v0.0.0-20170331031902-2bba0603135d/go.mod h1:6lQm79b+lXiMfvg/cZm0SGofjICqVBUtrP5yJMmIC1U=
github.com/google/go-github v0.0.0-20170401000335-12363ffc1001 h1:OK4gfzCBCtPg14E4sYsczwFhjVu1jQJZI+OEOpiTigw=
github.com/google/go-github v0.0.0-20170401000335-12363ffc1001/go.mod h1:zLgOLi98H3fifZn+44m+umXrS52loVEgC2AApnigrVQ=
github.com/google/go-querystring v0.0.0-20170111101155-53e6ce116135 h1:zLTLjkaOFEFIOxY5BWLFLwh+cL8vOBW4XJ2aqLE/Tf0=
github.com/google/go-querystring v0.0.0-20170111101155-53e6ce116135/go.mod h1:odCYkC5MyYFN7vkCjXpyrEuKhc/BUO6wN/zVPAxq5ck=
github.com/gorilla/context v1.1.1 h1:AWwleXJkX/nhcU9bZSnZoi3h/qGYqQAGhq6zZe/aQW8=
github.com/gorilla/context v1.1.1/go.mod h1:kBGZzfjB9CEq2AlWe17Uuf7NDRt0dE0s8S51q0aT7Yg=
github.com/gorilla/mux v1.3.0 h1:HwSEKGN6U5T2aAQTfu5pW8fiwjSp3IgwdRbkICydk/c=
github.com/gorilla/mux v1.3.0/go.mod h1:1lud6UwP+6orDFRuTfBEV8e9/aOM/c4fVVCaMa2zaAs=
github.com/gorilla/securecookie v1.1.1 h1:miw7JPhV+b/lAHSXz4qd/nN9jRiAFV5FwjeKyCS8BvQ=
github.com/gorilla/securecookie v1.1.1/go.mod h1:ra0sb63/xPlUeL+yeDciTfxMRAA+MP+HVt/4epWDjd4=
github.com/gorilla/sessions v0.0.0-20160922145804-ca9ada445741 h1:OuuPl66BpF1q3OEkaPpp+VfzxrBBY62ATGdWqql/XX8=
github.com/gorilla/sessions v0.0.0-20160922145804-ca9ada445741/go.mod h1:+WVp8kdw6VhyKExm03PAMRn2ZxnPtm58pV0dBVPdhHE=
github.com/huandu/xstrings v0.0.0-20170908061042-d6590c0c31d1 h1:5sbhABS5wzLMXC69upO+ZpwdP3z+O9OszTijhBKLOh4=
github.com/huandu/xstrings v0.0.0-20170908061042-d6590c0c31d1/go.mod h1:4qWG/gcEcfX4z/mBDHJ++3ReCw9ibxbsNJbcucJdbSo=
github.com/imdario/mergo v0.0.0-20171009183408-7fe0c75c13ab h1:k/Biv+LJL35wkk0Hveko1nj7as4tSHkHdZaNlzn/gcQ=
github.com/imdario/mergo v0.0.0-20171009183408-7fe0c75c13ab/go.mod h1:2EnlNZ0deacrJVfApfmtdGgDfMuh/nq6Ok1EcJh5FfA=
github.com/jaytaylor/html2text v0.0.0-20170918155622-0ee88d300630 h1:S9BtFz0PeTnUIIIdZwoXTVz9m5JKbUhtEfwnY3mqDug=
github.com/jaytaylor/html2text v0.0.0-20170918155622-0ee88d300630/go.mod h1:CVKlgaMiht+LXvHG173ujK6JUhZXKb2u/BQtjPDIvyk=
github.com/jmoiron/sqlx v0.0.0-20170308171622-8ed836a8adb6 h1:S+KxiRJQxqQ+sQ3uTIdIi4Puu193OxwGntCU4QEiE3g=
github.com/jmoiron/sqlx v0.0.0-20170308171622-8ed836a8adb6/go.mod h1:IiEW3SEiiErVyFdH8NTuWjSifiEQKUoyK3LNqr2kCHU=
github.com/kr/logfmt v0.0.0-20140226030751-b84e30acd515/go.mod h1:+0opPa2QZZtGFBFZlji/RkVcI2GknAs/DXo4wKdlNEc=
github.com/lib/pq v0.0.0-20170324204654-2704adc878c2 h1:2imqQk4oITdu2OSQcxO1A/yR6vftxSUI8iCQo8Ra4Jw=
github.com/lib/pq v0.0.0-20170324204654-2704adc878c2/go.mod h1:5WUZQaWbwv1U+lTReE5YruASi9Al49XbQIvNi/34Woo=
github.com/matcornic/hermes v1.0.1 h1:RDO3WERNVhxjmt5qccBliSjeO9untUMnZY0mcD6EqZ0=
github.com/matcornic/hermes v1.0.1/go.mod h1:lujJomb016Xjv8wBnWlNvUdtmvowjjfkqri5J/+1hYc=
github.com/mattn/go-runewidth v0.0.0-20170510074858-97311d9f7767 h1:Nk2R0tWpD2RdkQ+53zE6kWnSGuhQyDlnOs2MPiqVubE=
github.com/mattn/go-runewidth v0.0.0-20170510074858-97311d9f7767/go.mod h1:LwmH8dsx7+W8Uxz3IHJYH5QSwggIsqBzpuz5H//U1FU=
github.com/mattn/go-sqlite3 v1.10.0 h1:jbhqpg7tQe4SupckyijYiy0mJJ/pRyHvXf7JdWK860o=
github.com/mattn/go-sqlite3 v1.10.0/go.mod h1:FPy6KqzDD04eiIsT53CuJW3U88zkxoIYsOqkbpncsNc=
github.com/matttproud/golang_protobuf_extensions v1.0.1 h1:4hp9jkHxhMHkqkrB3Ix0jegS5sx/RkqARlsWZ6pIwiU=
github.com/matttproud/golang_protobuf_extensions v1.0.1/go.mod h1:D8He9yQNgCq6Z5Ld7szi9bcBfOoFv/3dc6xSMkL2PC0=
github.com/olekukonko/tablewriter v0.0.0-20170925234030-a7a4c189eb47 h1:9LtI8V19RbIDkx5gAhcP1TV1ByyIdavLGgWgefpoEPM=
github.com/olekukonko/tablewriter v0.0.0-20170925234030-a7a4c189eb47/go.mod h1:vsDQFd/mU46D+Z4whnwzcISnGGzXWMclvtLoiIKAKIo=
github.com/pkg/errors v0.8.0 h1:WdK/asTD0HN+q6hsWO3/vpuAkAr+tw6aNJNDFFf0+qw=
github.com/pkg/errors v0.8.0/go.mod h1:bwawxfHBFNV+L2hUp1rHADufV3IMtnDRdf1r5NINEl0=
github.com/pmezard/go-difflib v0.0.0-20151028094244-d8ed2627bdf0 h1:GD+A8+e+wFkqje55/2fOVnZPkoDIu1VooBWfNrnY8Uo=
github.com/pmezard/go-difflib v0.0.0-20151028094244-d8ed2627bdf0/go.mod h1:iKH77koFhYxTK1pcRnkKkqfTogsbg7gZNVY4sRDYZ/4=
github.com/prometheus/client_golang v0.9.0-pre1 h1:AWTOhsOI9qxeirTuA0A4By/1Es1+y9EcCGY6bBZ2fhM=
github.com/prometheus/client_golang v0.9.0-pre1/go.mod h1:7SWBe2y4D6OKWSNQJUaRYU/AaXPKyh/dDVn+NZz0KFw=
github.com/prometheus/client_model v0.0.0-20170216185247-6f3806018612 h1:13pIdM2tpaDi4OVe24fgoIS7ZTqMt0QI+bwQsX5hq+g=
github.com/prometheus/client_model v0.0.0-20170216185247-6f3806018612/go.mod h1:MbSGuTsp3dbXC40dX6PRTWyKYBIrTGTE9sqQNg2J8bo=
github.com/prometheus/common v0.0.0-20170908161822-2f17f4a9d485 h1:ELypU1kBAPEzqcj8hphDyZWTJw5TIFgepXU983BEkD0=
github.com/prometheus/common v0.0.0-20170908161822-2f17f4a9d485/go.mod h1:daVV7qP5qjZbuso7PdcryaAu0sAZbrN9i7WWcTMWvro=
github.com/prometheus/procfs v0.0.0-20170703101242-e645f4e5aaa8 h1:Kh7M6mzRpQ2de1rixoSQZr4BTINXFm8WDbeN5ttnwyE=
github.com/prometheus/procfs v0.0.0-20170703101242-e645f4e5aaa8/go.mod h1:c3At6R/oaqEKCNdg8wHV1ftS6bRYblBhIjjI8uT2IGk=
github.com/robfig/cron v0.0.0-20140119015047-b024fc5ea0e3 h1:+THOT2a1JKieJxSYMBhyAHNAU6B9KvHobDL0puQ13f0=
github.com/robfig/cron v0.0.0-20140119015047-b024fc5ea0e3/go.mod h1:JGuDeoQd7Z6yL4zQhZ3OPEVHB7fL6Ka6skscFHfmt2k=
github.com/russross/blackfriday v0.0.0-20171011182219-6d1ef893fcb0 h1:hgS5QyP981zzGr3UYaoHb5+fpgK1lHleAOq5znvfJxU=
github.com/russross/blackfriday v0.0.0-20171011182219-6d1ef893fcb0/go.mod h1:JO/DiYxRf+HjHt06OyowR9PTA263kcR/rfWxYHBV53g=
github.com/satori/go.uuid v1.1.0 h1:B9KXyj+GzIpJbV7gmr873NsY6zpbxNy24CBtGrk7jHo=
github.com/satori/go.uuid v1.1.0/go.mod h1:dA0hQrYB0VpLJoorglMZABFdXlWrHn1NEOzdhQKdks0=
github.com/sendgrid/rest v2.3.1+incompatible h1:Hw+kGX780UlRoazQ+s/vs+a4l4aWMABDVKbHgU8b4zU=
github.com/sendgrid/rest v2.3.1+incompatible/go.mod h1:kXX7q3jZtJXK5c5qK83bSGMdV6tsOE70KbHoqJls4lE=
github.com/sendgrid/sendgrid-go v3.3.1+incompatible h1:LlSVhn3AwBL2SPmQ861Aw5clO9hfxkUMUCO28FN5PPU=
github.com/sendgrid/sendgrid-go v3.3.1+incompatible/go.mod h1:QRQt+LX/NmgVEvmdRw0VT/QgUn499+iza2FnDca9fg8=
github.com/ssor/bom v0.0.0-20170718123548-6386211fdfcf h1:pvbZ0lM0XWPBqUKqFU8cmavspvIl9nulOYwdy6IFRRo=
github.com/ssor/bom v0.0.0-20170718123548-6386211fdfcf/go.mod h1:RJID2RhlZKId02nZ62WenDCkgHFerpIOmW0iT7GKmXM=
github.com/stretchr/testify v1.1.4 h1:ToftOQTytwshuOSj6bDSolVUa3GINfJP/fg3OkkOzQQ=
github.com/stretchr/testify v1.1.4/go.mod h1:a8OnRcib4nhh0OaRAV+Yts87kKdq0PP7pXfy6kDkUVs=
golang.org/x/crypto v0.0.0-20171108091819-6a293f2d4b14 h1:zZpc/2lPMz1dJJQXHILHatH4bsh0vdDRwweWSHHbfuA=
golang.org/x/crypto v0.0.0-20171108091819-6a293f2d4b14/go.mod h1:6SG95UA2DQfeDnfUPMdvaQW0Q7yPrPDi9nlGo2tz2b4=
golang.org/x/net v0.0.0-20170329170435-ffcf1bedda3b h1:Co3zyosPfwWowmu8+roHGC+aDgizpCPH3ukhubZ0Ttg=
golang.org/x/net v0.0.0-20170329170435-ffcf1bedda3b/go.mod h1:mL1N/T3taQHkDXs73rZJwtUhF3w3ftmwwsq0BUmARs4=
golang.org/x/oauth2 v0.0.0-20170321013421-7fdf09982454 h1:qH7SPXL1bLgpFB+ycaFjqQ2lI54cG8OGelAQGpmZSnc=
golang.org/x/oauth2 v0.0.0-20170321013421-7fdf09982454/go.mod h1:N/0e6XlmueqKjAGxoOufVs8QHGRruUQn6yWY3a++T0U=
golang.org/x/sync v0.0.0-20170317231601-5a06fca2c336 h1:wAXSJAibyxWKRVHDNP2Co1zh7bRL9wiIZa+nsM5iLV4=
golang.org/x/sync v0.0.0-20170317231601-5a06fca2c336/go.mod h1:RxMgew5VJxzue5/jJTE5uejpjVlOe/izrB70Jof72aM=
google.golang.org/appengine v0.0.0-20170321222430-56d253d1dd14 h1:dUlZaxKaV5EQM4rcjViu2Z4uWM/Ay7/jtOcMoqEEHB8=
google.golang.org/appengine v0.0.0-20170321222430-56d253d1dd14/go.mod h1:EbEs0AVv82hx2wNQdGPgUI5lhzA/G0D9YwlJXL52JkM=
gopkg.in/check.v1 v0.0.0-20161208181325-20d25e280405 h1:yhCVgyC4o1eVCa2tZl7eS0r+SDo693bJlVdllGtEeKM=
gopkg.in/check.v1 v0.0.0-20161208181325-20d25e280405/go.mod h1:Co6ibVJAznAaIkqp8huTwlJQCZ016jof/cbN4VW5Yz0=
gopkg.in/yaml.v2 v2.2.2 h1:ZCJp+EgiOT7lHqUV2J862kp8Qj64Jo6az82+3Td9dZw=
gopkg.in/yaml.v2 v2.2.2/go.mod h1:hI93XBmqTisBFMUTm0b8Fm+jr3Dg1NNxqwp+5A1VGuI=
