# This file is autogenerated, do not edit; changes may be undone by the next 'dep ensure'.


[[projects]]
  name = "github.com/Masterminds/semver"
  packages = ["."]
  revision = "59c29afe1a994eacb71c833025ca7acf874bb1da"
  version = "v1.2.2"

[[projects]]
  name = "github.com/Masterminds/sprig"
  packages = ["."]
  revision = "efda631a76d70875162cdc25ffa0d0164bf69758"
  version = "v2.14.0"

[[projects]]
  name = "github.com/aokoli/goutils"
  packages = ["."]
  revision = "3391d3790d23d03408670993e957e8f408993c34"
  version = "v1.0.1"

[[projects]]
  branch = "master"
  name = "github.com/apex/httplog"
  packages = ["."]
  revision = "d677fdf2ae1fa75d8111faf17f2d6fcf46dd9af7"

[[projects]]
  name = "github.com/apex/log"
  packages = [".","handlers/logfmt"]
  revision = "a97903d8456938a31ce3cb7d58ad3f378f951f24"

[[projects]]
  branch = "master"
  name = "github.com/beorn7/perks"
  packages = ["quantile"]
  revision = "4c0e84591b9aa9e6dcfdf3e020114cd81f89d5f9"

[[projects]]
  name = "github.com/caarlos0/env"
  packages = ["."]
  revision = "d0de832ed2fbc4e7bfaa30ab5cf0b3417d15f529"
  version = "v2.1"

[[projects]]
  name = "github.com/davecgh/go-spew"
  packages = ["spew"]
  revision = "6d212800a42e8ab5c146b8ace3490ee17e5225f9"

[[projects]]
  name = "github.com/go-logfmt/logfmt"
  packages = ["."]
  revision = "390ab7935ee28ec6b286364bba9b4dd6410cb3d5"
  version = "v0.3.0"

[[projects]]
  name = "github.com/golang/protobuf"
  packages = ["proto"]
  revision = "2bba0603135d7d7f5cb73b2125beeda19c09f4ef"

[[projects]]
  name = "github.com/google/go-github"
  packages = ["github"]
  revision = "12363ffc10018c93407ebf303040586d55957271"

[[projects]]
  branch = "master"
  name = "github.com/google/go-querystring"
  packages = ["query"]
  revision = "53e6ce116135b80d037921a7fdd5138cf32d7a8a"

[[projects]]
  branch = "master"
  name = "github.com/gorilla/context"
  packages = ["."]
  revision = "08b5f424b9271eedf6f9f0ce86cb9396ed337a42"

[[projects]]
  name = "github.com/gorilla/mux"
  packages = ["."]
  revision = "392c28fe23e1c45ddba891b0320b3b5df220beea"
  version = "v1.3.0"

[[projects]]
  branch = "master"
  name = "github.com/gorilla/securecookie"
  packages = ["."]
  revision = "e59506cc896acb7f7bf732d4fdf5e25f7ccd8983"

[[projects]]
  name = "github.com/gorilla/sessions"
  packages = ["."]
  revision = "ca9ada44574153444b00d3fd9c8559e4cc95f896"
  version = "v1.1"

[[projects]]
  branch = "master"
  name = "github.com/huandu/xstrings"
  packages = ["."]
  revision = "d6590c0c31d16526217fa60fbd2067f7afcd78c5"

[[projects]]
  name = "github.com/imdario/mergo"
  packages = ["."]
  revision = "7fe0c75c13abdee74b09fcacef5ea1c6bba6a874"
  version = "0.2.4"

[[projects]]
  branch = "master"
  name = "github.com/jaytaylor/html2text"
  packages = ["."]
  revision = "0ee88d3006305456b84cad14a24b2576f9411965"

[[projects]]
  name = "github.com/jmoiron/sqlx"
  packages = [".","reflectx"]
  revision = "8ed836a8adb659e8492bcaa49e0880bb84075fe2"

[[projects]]
  branch = "master"
  name = "github.com/kr/logfmt"
  packages = ["."]
  revision = "b84e30acd515aadc4b783ad4ff83aff3299bdfe0"

[[projects]]
  name = "github.com/lib/pq"
  packages = [".","oid"]
  revision = "2704adc878c21e1329f46f6e56a1c387d788ff94"

[[projects]]
  name = "github.com/matcornic/hermes"
  packages = ["."]
  revision = "f72fbfe860d779262ed6119515bf01d546af7794"
  version = "v1.0.1"

[[projects]]
  branch = "master"
  name = "github.com/mattn/go-runewidth"
  packages = ["."]
  revision = "97311d9f7767e3d6f422ea06661bc2c7a19e8a5d"

[[projects]]
  branch = "master"
  name = "github.com/matttproud/golang_protobuf_extensions"
  packages = ["pbutil"]
  revision = "c12348ce28de40eed0136aa2b644d0ee0650e56c"

[[projects]]
  branch = "master"
  name = "github.com/olekukonko/tablewriter"
  packages = ["."]
  revision = "a7a4c189eb47ed33ce7b35f2880070a0c82a67d4"

[[projects]]
  name = "github.com/pkg/errors"
  packages = ["."]
  revision = "645ef00459ed84a119197bfb8d8205042c6df63d"
  version = "v0.8.0"

[[projects]]
  name = "github.com/pmezard/go-difflib"
  packages = ["difflib"]
  revision = "d8ed2627bdf02c080bf22230dbb337003b7aba2d"

[[projects]]
  name = "github.com/prometheus/client_golang"
  packages = ["prometheus","prometheus/promhttp"]
  revision = "967789050ba94deca04a5e84cce8ad472ce313c1"
  version = "v0.9.0-pre1"

[[projects]]
  branch = "master"
  name = "github.com/prometheus/client_model"
  packages = ["go"]
  revision = "6f3806018612930941127f2a7c6c453ba2c527d2"

[[projects]]
  name = "github.com/prometheus/common"
  packages = ["expfmt","internal/bitbucket.org/ww/goautoneg","model"]
  revision = "2f17f4a9d485bf34b4bfaccc273805040e4f86c8"

[[projects]]
  name = "github.com/prometheus/procfs"
  packages = [".","xfs"]
  revision = "e645f4e5aaa8506fc71d6edbc5c4ff02c04c46f2"

[[projects]]
  name = "github.com/robfig/cron"
  packages = ["."]
  revision = "b024fc5ea0e34bc3f83d9941c8d60b0622bfaca4"
  version = "v1"

[[projects]]
  branch = "master"
  name = "github.com/russross/blackfriday"
  packages = ["."]
  revision = "6d1ef893fcb01b4f50cb6e57ed7df3e2e627b6b2"

[[projects]]
  name = "github.com/satori/go.uuid"
  packages = ["."]
  revision = "879c5887cd475cd7864858769793b2ceb0d44feb"
  version = "v1.1.0"

[[projects]]
  name = "github.com/sendgrid/rest"
  packages = ["."]
  revision = "3ec51b4f1754e13e92409355851a0a82e9a06461"
  version = "v2.3.1"

[[projects]]
  name = "github.com/sendgrid/sendgrid-go"
  packages = [".","helpers/mail"]
  revision = "aae62ebbdabd46754b041a12b9f74d2ffdfc49d7"
  version = "v3.3.1"

[[projects]]
  branch = "master"
  name = "github.com/ssor/bom"
  packages = ["."]
  revision = "6386211fdfcf24c0bfbdaceafd02849ed9a8a509"

[[projects]]
  name = "github.com/stretchr/testify"
  packages = ["assert"]
  revision = "69483b4bd14f5845b5a1e55bca19e954e827f1d0"
  version = "v1.1.4"

[[projects]]
  branch = "master"
  name = "golang.org/x/crypto"
  packages = ["pbkdf2","scrypt"]
  revision = "6a293f2d4b14b8e6d3f0539e383f6d0d30fce3fd"

[[projects]]
  name = "golang.org/x/net"
  packages = ["context","html","html/atom"]
  revision = "ffcf1bedda3b04ebb15a168a59800a73d6dc0f4d"

[[projects]]
  name = "golang.org/x/oauth2"
  packages = [".","github","internal"]
  revision = "7fdf09982454086d5570c7db3e11f360194830ca"

[[projects]]
  name = "golang.org/x/sync"
  packages = ["errgroup"]
  revision = "5a06fca2c336a4b2b2fcb45702e8c47621b2aa2c"

[[projects]]
  name = "google.golang.org/appengine"
  packages = [".","internal","internal/app_identity","internal/base","internal/datastore","internal/log","internal/modules","internal/remote_api","internal/urlfetch","urlfetch"]
  revision = "56d253d1dd14aa01937e12c73a0971bcfd797ff2"

[solve-meta]
  analyzer-name = "dep"
  analyzer-version = 1
  inputs-digest = "1f6c17aa8744ed4bd82dc2dfa97571c3560922bff6f96552259b320ad666dcbe"
  solver-name = "gps-cdcl"
  solver-version = 1
